{
  "name": "frontend",
  "lockfileVersion": 2,
  "requires": true,
  "packages": {
    "": {
      "dependencies": {
        "plotly.js-dist": "^2.9.0",
        "plotly.js-dist-min": "^2.9.0"
      }
    },
    "node_modules/plotly.js-dist": {
      "version": "2.9.0",
      "resolved": "https://registry.npmjs.org/plotly.js-dist/-/plotly.js-dist-2.9.0.tgz",
      "integrity": "sha512-CvzxfnKwXV4kiuBK12IOAPeG0EtTeL+K/Dax+1EwjdIxFJkvMKjnIlilonjydhS+Pcu9shuGiuAezhpmmYrDQA=="
    },
    "node_modules/plotly.js-dist-min": {
      "version": "2.9.0",
      "resolved": "https://registry.npmjs.org/plotly.js-dist-min/-/plotly.js-dist-min-2.9.0.tgz",
      "integrity": "sha512-qQCf8XpYcMpbG5nH6PPc0/gXVQdKUkKQ7mjux3DlXARsOzRf9EbRqwFMSzLz2aElJyrXHunYkxtXW+xswzXz3A=="
    }
  },
  "dependencies": {
    "plotly.js-dist": {
      "version": "2.9.0",
      "resolved": "https://registry.npmjs.org/plotly.js-dist/-/plotly.js-dist-2.9.0.tgz",
      "integrity": "sha512-CvzxfnKwXV4kiuBK12IOAPeG0EtTeL+K/Dax+1EwjdIxFJkvMKjnIlilonjydhS+Pcu9shuGiuAezhpmmYrDQA=="
    },
    "plotly.js-dist-min": {
      "version": "2.9.0",
      "resolved": "https://registry.npmjs.org/plotly.js-dist-min/-/plotly.js-dist-min-2.9.0.tgz",
      "integrity": "sha512-qQCf8XpYcMpbG5nH6PPc0/gXVQdKUkKQ7mjux3DlXARsOzRf9EbRqwFMSzLz2aElJyrXHunYkxtXW+xswzXz3A=="
    }
  }
}
